
Microsoft Visual Studio Solution File, Format Version 12.00
# Visual Studio Version 17
VisualStudioVersion = 17.9.34622.214
MinimumVisualStudioVersion = 10.0.40219.1
Project("{FAE04EC0-301F-11D3-BF4B-00C04F79EFBC}") = "BadaMailStorageDoS", "BadaMailStorageDoS\BadaMailStorageDoS.csproj", "{499143B2-7F56-4C7D-BE0A-5C3BFD6BAC13}"
EndProject
Global
	GlobalSection(SolutionConfigurationPlatforms) = preSolution
		Debug|Any CPU = Debug|Any CPU
		Release|Any CPU = Release|Any CPU
	EndGlobalSection
	GlobalSection(ProjectConfigurationPlatforms) = postSolution
		{499143B2-7F56-4C7D-BE0A-5C3BFD6BAC13}.Debug|Any CPU.ActiveCfg = Debug|Any CPU
		{499143B2-7F56-4C7D-BE0A-5C3BFD6BAC13}.Debug|Any CPU.Build.0 = Debug|Any CPU
		{499143B2-7F56-4C7D-BE0A-5C3BFD6BAC13}.Release|Any CPU.ActiveCfg = Release|Any CPU
		{499143B2-7F56-4C7D-BE0A-5C3BFD6BAC13}.Release|Any CPU.Build.0 = Release|Any CPU
	EndGlobalSection
	GlobalSection(SolutionProperties) = preSolution
		HideSolutionNode = FALSE
	EndGlobalSection
	GlobalSection(ExtensibilityGlobals) = postSolution
		SolutionGuid = {7E7F50D3-3428-4DE3-8C00-B8B44E730116}
	EndGlobalSection
EndGlobal
